
Microsoft Visual Studio Solution File, Format Version 12.00
# Visual Studio Version 17
VisualStudioVersion = 17.11.35222.181
MinimumVisualStudioVersion = 10.0.40219.1
Project("{9A19103F-16F7-4668-BE54-9A1E7A4F7556}") = "IC-Eval-Backend", "IC-Eval-Backend\IC-Eval-Backend.csproj", "{B75E46B8-93D5-4098-93B5-74615EB1B2E7}"
EndProject
Project("{9A19103F-16F7-4668-BE54-9A1E7A4F7556}") = "IC-Eval-FE", "IC-Eval-FE\IC-Eval-FE.csproj", "{2F80E9B9-8A87-4F4F-BE11-D7F39CB41E75}"
EndProject
Global
	GlobalSection(SolutionConfigurationPlatforms) = preSolution
		Debug|Any CPU = Debug|Any CPU
		Release|Any CPU = Release|Any CPU
	EndGlobalSection
	GlobalSection(ProjectConfigurationPlatforms) = postSolution
		{B75E46B8-93D5-4098-93B5-74615EB1B2E7}.Debug|Any CPU.ActiveCfg = Debug|Any CPU
		{B75E46B8-93D5-4098-93B5-74615EB1B2E7}.Debug|Any CPU.Build.0 = Debug|Any CPU
		{B75E46B8-93D5-4098-93B5-74615EB1B2E7}.Release|Any CPU.ActiveCfg = Release|Any CPU
		{B75E46B8-93D5-4098-93B5-74615EB1B2E7}.Release|Any CPU.Build.0 = Release|Any CPU
		{2F80E9B9-8A87-4F4F-BE11-D7F39CB41E75}.Debug|Any CPU.ActiveCfg = Debug|Any CPU
		{2F80E9B9-8A87-4F4F-BE11-D7F39CB41E75}.Debug|Any CPU.Build.0 = Debug|Any CPU
		{2F80E9B9-8A87-4F4F-BE11-D7F39CB41E75}.Release|Any CPU.ActiveCfg = Release|Any CPU
		{2F80E9B9-8A87-4F4F-BE11-D7F39CB41E75}.Release|Any CPU.Build.0 = Release|Any CPU
	EndGlobalSection
	GlobalSection(SolutionProperties) = preSolution
		HideSolutionNode = FALSE
	EndGlobalSection
	GlobalSection(ExtensibilityGlobals) = postSolution
		SolutionGuid = {6402B314-CCBF-4451-B891-4DD705AFD78C}
	EndGlobalSection
EndGlobal
